// !$*UTF8*$!
{
	archiveVersion = 1;
	classes = {
	};
	objectVersion = 50;
	objects = {

/* Begin PBXBuildFile section */
		423862082409B02A00644FBA /* ListingDetail.storyboard in Resources */ = {isa = PBXBuildFile; fileRef = 423862072409B02A00644FBA /* ListingDetail.storyboard */; };
		4238620A2409B04200644FBA /* ListingDetailViewController.swift in Sources */ = {isa = PBXBuildFile; fileRef = 423862092409B04200644FBA /* ListingDetailViewController.swift */; };
		4253AF4E2408B67300278210 /* ListingController.swift in Sources */ = {isa = PBXBuildFile; fileRef = 4253AF4D2408B67300278210 /* ListingController.swift */; };
		428D7DE2240874CD00B70EED /* ListingCollectionViewCell.swift in Sources */ = {isa = PBXBuildFile; fileRef = 428D7DE1240874CC00B70EED /* ListingCollectionViewCell.swift */; };
		63DF9CA42407472F001FC895 /* AppDelegate.swift in Sources */ = {isa = PBXBuildFile; fileRef = 63DF9CA32407472F001FC895 /* AppDelegate.swift */; };
		63DF9CA62407472F001FC895 /* SceneDelegate.swift in Sources */ = {isa = PBXBuildFile; fileRef = 63DF9CA52407472F001FC895 /* SceneDelegate.swift */; };
		63DF9CA82407472F001FC895 /* ListingViewController.swift in Sources */ = {isa = PBXBuildFile; fileRef = 63DF9CA72407472F001FC895 /* ListingViewController.swift */; };
		63DF9CAB2407472F001FC895 /* Main.storyboard in Resources */ = {isa = PBXBuildFile; fileRef = 63DF9CA92407472F001FC895 /* Main.storyboard */; };
		63DF9CAD2407473F001FC895 /* Assets.xcassets in Resources */ = {isa = PBXBuildFile; fileRef = 63DF9CAC2407473F001FC895 /* Assets.xcassets */; };
		63DF9CB02407473F001FC895 /* LaunchScreen.storyboard in Resources */ = {isa = PBXBuildFile; fileRef = 63DF9CAE2407473F001FC895 /* LaunchScreen.storyboard */; };
		63DF9CBF2408B515001FC895 /* RVenture.xcdatamodeld in Sources */ = {isa = PBXBuildFile; fileRef = 63DF9CBD2408B515001FC895 /* RVenture.xcdatamodeld */; };
		63DF9CC12408B6F7001FC895 /* CoreDataStack.swift in Sources */ = {isa = PBXBuildFile; fileRef = 63DF9CC02408B6F7001FC895 /* CoreDataStack.swift */; };
		63DF9CC32408B77B001FC895 /* Listing+Convenience.swift in Sources */ = {isa = PBXBuildFile; fileRef = 63DF9CC22408B77B001FC895 /* Listing+Convenience.swift */; };
		63DF9CC52408B969001FC895 /* ListingRepresentation.swift in Sources */ = {isa = PBXBuildFile; fileRef = 63DF9CC42408B969001FC895 /* ListingRepresentation.swift */; };
/* End PBXBuildFile section */

/* Begin PBXFileReference section */
		423862072409B02A00644FBA /* ListingDetail.storyboard */ = {isa = PBXFileReference; fileEncoding = 4; lastKnownFileType = file.storyboard; path = ListingDetail.storyboard; sourceTree = "<group>"; };
		423862092409B04200644FBA /* ListingDetailViewController.swift */ = {isa = PBXFileReference; fileEncoding = 4; lastKnownFileType = sourcecode.swift; path = ListingDetailViewController.swift; sourceTree = "<group>"; };
		4253AF4D2408B67300278210 /* ListingController.swift */ = {isa = PBXFileReference; lastKnownFileType = sourcecode.swift; name = ListingController.swift; path = "RVenture/View Controllers/ListingController.swift"; sourceTree = SOURCE_ROOT; };
		428D7DE1240874CC00B70EED /* ListingCollectionViewCell.swift */ = {isa = PBXFileReference; lastKnownFileType = sourcecode.swift; path = ListingCollectionViewCell.swift; sourceTree = "<group>"; };
		63DF9CA02407472F001FC895 /* RVenture.app */ = {isa = PBXFileReference; explicitFileType = wrapper.application; includeInIndex = 0; path = RVenture.app; sourceTree = BUILT_PRODUCTS_DIR; };
		63DF9CA32407472F001FC895 /* AppDelegate.swift */ = {isa = PBXFileReference; lastKnownFileType = sourcecode.swift; path = AppDelegate.swift; sourceTree = "<group>"; };
		63DF9CA52407472F001FC895 /* SceneDelegate.swift */ = {isa = PBXFileReference; lastKnownFileType = sourcecode.swift; path = SceneDelegate.swift; sourceTree = "<group>"; };
		63DF9CA72407472F001FC895 /* ListingViewController.swift */ = {isa = PBXFileReference; lastKnownFileType = sourcecode.swift; path = ListingViewController.swift; sourceTree = "<group>"; };
		63DF9CAA2407472F001FC895 /* Base */ = {isa = PBXFileReference; lastKnownFileType = file.storyboard; name = Base; path = Base.lproj/Main.storyboard; sourceTree = "<group>"; };
		63DF9CAC2407473F001FC895 /* Assets.xcassets */ = {isa = PBXFileReference; lastKnownFileType = folder.assetcatalog; path = Assets.xcassets; sourceTree = "<group>"; };
		63DF9CAF2407473F001FC895 /* Base */ = {isa = PBXFileReference; lastKnownFileType = file.storyboard; name = Base; path = Base.lproj/LaunchScreen.storyboard; sourceTree = "<group>"; };
		63DF9CB12407473F001FC895 /* Info.plist */ = {isa = PBXFileReference; lastKnownFileType = text.plist.xml; path = Info.plist; sourceTree = "<group>"; };
		63DF9CBE2408B515001FC895 /* RVenture.xcdatamodel */ = {isa = PBXFileReference; lastKnownFileType = wrapper.xcdatamodel; path = RVenture.xcdatamodel; sourceTree = "<group>"; };
		63DF9CC02408B6F7001FC895 /* CoreDataStack.swift */ = {isa = PBXFileReference; lastKnownFileType = sourcecode.swift; path = CoreDataStack.swift; sourceTree = "<group>"; };
		63DF9CC22408B77B001FC895 /* Listing+Convenience.swift */ = {isa = PBXFileReference; lastKnownFileType = sourcecode.swift; path = "Listing+Convenience.swift"; sourceTree = "<group>"; };
		63DF9CC42408B969001FC895 /* ListingRepresentation.swift */ = {isa = PBXFileReference; lastKnownFileType = sourcecode.swift; path = ListingRepresentation.swift; sourceTree = "<group>"; };
/* End PBXFileReference section */

/* Begin PBXFrameworksBuildPhase section */
		63DF9C9D2407472F001FC895 /* Frameworks */ = {
			isa = PBXFrameworksBuildPhase;
			buildActionMask = 2147483647;
			files = (
			);
			runOnlyForDeploymentPostprocessing = 0;
		};
/* End PBXFrameworksBuildPhase section */

/* Begin PBXGroup section */
		63DF9C972407472E001FC895 = {
			isa = PBXGroup;
			children = (
				63DF9CA22407472F001FC895 /* RVenture */,
				63DF9CA12407472F001FC895 /* Products */,
			);
			sourceTree = "<group>";
		};
		63DF9CA12407472F001FC895 /* Products */ = {
			isa = PBXGroup;
			children = (
				63DF9CA02407472F001FC895 /* RVenture.app */,
			);
			name = Products;
			sourceTree = "<group>";
		};
		63DF9CA22407472F001FC895 /* RVenture */ = {
			isa = PBXGroup;
			children = (
				63DF9CB82407497C001FC895 /* Model Controller */,
				63DF9CB72407496F001FC895 /* Models */,
				63DF9CBB24074B7F001FC895 /* Resources */,
				63DF9CBC24074BA1001FC895 /* Storyboards */,
				63DF9CB9240749A1001FC895 /* View Controllers */,
				63DF9CBA24074B75001FC895 /* Views */,
			);
			path = RVenture;
			sourceTree = "<group>";
		};
		63DF9CB72407496F001FC895 /* Models */ = {
			isa = PBXGroup;
			children = (
				63DF9CC02408B6F7001FC895 /* CoreDataStack.swift */,
				63DF9CC22408B77B001FC895 /* Listing+Convenience.swift */,
				63DF9CC42408B969001FC895 /* ListingRepresentation.swift */,
				63DF9CBD2408B515001FC895 /* RVenture.xcdatamodeld */,
			);
			path = Models;
			sourceTree = "<group>";
		};
		63DF9CB82407497C001FC895 /* Model Controller */ = {
			isa = PBXGroup;
			children = (
				4253AF4D2408B67300278210 /* ListingController.swift */,
			);
			path = "Model Controller";
			sourceTree = "<group>";
		};
		63DF9CB9240749A1001FC895 /* View Controllers */ = {
			isa = PBXGroup;
			children = (
				423862092409B04200644FBA /* ListingDetailViewController.swift */,
				63DF9CA72407472F001FC895 /* ListingViewController.swift */,
			);
			path = "View Controllers";
			sourceTree = "<group>";
		};
		63DF9CBA24074B75001FC895 /* Views */ = {
			isa = PBXGroup;
			children = (
				428D7DE1240874CC00B70EED /* ListingCollectionViewCell.swift */,
			);
			path = Views;
			sourceTree = "<group>";
		};
		63DF9CBB24074B7F001FC895 /* Resources */ = {
			isa = PBXGroup;
			children = (
				63DF9CA32407472F001FC895 /* AppDelegate.swift */,
				63DF9CAC2407473F001FC895 /* Assets.xcassets */,
				63DF9CB12407473F001FC895 /* Info.plist */,
				63DF9CA52407472F001FC895 /* SceneDelegate.swift */,
			);
			path = Resources;
			sourceTree = "<group>";
		};
		63DF9CBC24074BA1001FC895 /* Storyboards */ = {
			isa = PBXGroup;
			children = (
				63DF9CAE2407473F001FC895 /* LaunchScreen.storyboard */,
				63DF9CA92407472F001FC895 /* Main.storyboard */,
				423862072409B02A00644FBA /* ListingDetail.storyboard */,
			);
			path = Storyboards;
			sourceTree = "<group>";
		};
/* End PBXGroup section */

/* Begin PBXNativeTarget section */
		63DF9C9F2407472F001FC895 /* RVenture */ = {
			isa = PBXNativeTarget;
			buildConfigurationList = 63DF9CB42407473F001FC895 /* Build configuration list for PBXNativeTarget "RVenture" */;
			buildPhases = (
				63DF9C9C2407472F001FC895 /* Sources */,
				63DF9C9D2407472F001FC895 /* Frameworks */,
				63DF9C9E2407472F001FC895 /* Resources */,
			);
			buildRules = (
			);
			dependencies = (
			);
			name = RVenture;
			productName = RVenture;
			productReference = 63DF9CA02407472F001FC895 /* RVenture.app */;
			productType = "com.apple.product-type.application";
		};
/* End PBXNativeTarget section */

/* Begin PBXProject section */
		63DF9C982407472E001FC895 /* Project object */ = {
			isa = PBXProject;
			attributes = {
				LastSwiftUpdateCheck = 1120;
				LastUpgradeCheck = 1120;
				ORGANIZATIONNAME = "Gerardo Hernandez";
				TargetAttributes = {
					63DF9C9F2407472F001FC895 = {
						CreatedOnToolsVersion = 11.2.1;
					};
				};
			};
			buildConfigurationList = 63DF9C9B2407472E001FC895 /* Build configuration list for PBXProject "RVenture" */;
			compatibilityVersion = "Xcode 9.3";
			developmentRegion = en;
			hasScannedForEncodings = 0;
			knownRegions = (
				en,
				Base,
			);
			mainGroup = 63DF9C972407472E001FC895;
			productRefGroup = 63DF9CA12407472F001FC895 /* Products */;
			projectDirPath = "";
			projectRoot = "";
			targets = (
				63DF9C9F2407472F001FC895 /* RVenture */,
			);
		};
/* End PBXProject section */

/* Begin PBXResourcesBuildPhase section */
		63DF9C9E2407472F001FC895 /* Resources */ = {
			isa = PBXResourcesBuildPhase;
			buildActionMask = 2147483647;
			files = (
				423862082409B02A00644FBA /* ListingDetail.storyboard in Resources */,
				63DF9CB02407473F001FC895 /* LaunchScreen.storyboard in Resources */,
				63DF9CAD2407473F001FC895 /* Assets.xcassets in Resources */,
				63DF9CAB2407472F001FC895 /* Main.storyboard in Resources */,
			);
			runOnlyForDeploymentPostprocessing = 0;
		};
/* End PBXResourcesBuildPhase section */

/* Begin PBXSourcesBuildPhase section */
		63DF9C9C2407472F001FC895 /* Sources */ = {
			isa = PBXSourcesBuildPhase;
			buildActionMask = 2147483647;
			files = (
				4253AF4E2408B67300278210 /* ListingController.swift in Sources */,
				63DF9CA82407472F001FC895 /* ListingViewController.swift in Sources */,
				63DF9CA42407472F001FC895 /* AppDelegate.swift in Sources */,
				63DF9CBF2408B515001FC895 /* RVenture.xcdatamodeld in Sources */,
				4238620A2409B04200644FBA /* ListingDetailViewController.swift in Sources */,
				63DF9CC52408B969001FC895 /* ListingRepresentation.swift in Sources */,
				63DF9CC12408B6F7001FC895 /* CoreDataStack.swift in Sources */,
				63DF9CC32408B77B001FC895 /* Listing+Convenience.swift in Sources */,
				63DF9CA62407472F001FC895 /* SceneDelegate.swift in Sources */,
				428D7DE2240874CD00B70EED /* ListingCollectionViewCell.swift in Sources */,
			);
			runOnlyForDeploymentPostprocessing = 0;
		};
/* End PBXSourcesBuildPhase section */

/* Begin PBXVariantGroup section */
		63DF9CA92407472F001FC895 /* Main.storyboard */ = {
			isa = PBXVariantGroup;
			children = (
				63DF9CAA2407472F001FC895 /* Base */,
			);
			name = Main.storyboard;
			sourceTree = "<group>";
		};
		63DF9CAE2407473F001FC895 /* LaunchScreen.storyboard */ = {
			isa = PBXVariantGroup;
			children = (
				63DF9CAF2407473F001FC895 /* Base */,
			);
			name = LaunchScreen.storyboard;
			sourceTree = "<group>";
		};
/* End PBXVariantGroup section */

/* Begin XCBuildConfiguration section */
		63DF9CB22407473F001FC895 /* Debug */ = {
			isa = XCBuildConfiguration;
			buildSettings = {
				ALWAYS_SEARCH_USER_PATHS = NO;
				CLANG_ANALYZER_NONNULL = YES;
				CLANG_ANALYZER_NUMBER_OBJECT_CONVERSION = YES_AGGRESSIVE;
				CLANG_CXX_LANGUAGE_STANDARD = "gnu++14";
				CLANG_CXX_LIBRARY = "libc++";
				CLANG_ENABLE_MODULES = YES;
				CLANG_ENABLE_OBJC_ARC = YES;
				CLANG_ENABLE_OBJC_WEAK = YES;
				CLANG_WARN_BLOCK_CAPTURE_AUTORELEASING = YES;
				CLANG_WARN_BOOL_CONVERSION = YES;
				CLANG_WARN_COMMA = YES;
				CLANG_WARN_CONSTANT_CONVERSION = YES;
				CLANG_WARN_DEPRECATED_OBJC_IMPLEMENTATIONS = YES;
				CLANG_WARN_DIRECT_OBJC_ISA_USAGE = YES_ERROR;
				CLANG_WARN_DOCUMENTATION_COMMENTS = YES;
				CLANG_WARN_EMPTY_BODY = YES;
				CLANG_WARN_ENUM_CONVERSION = YES;
				CLANG_WARN_INFINITE_RECURSION = YES;
				CLANG_WARN_INT_CONVERSION = YES;
				CLANG_WARN_NON_LITERAL_NULL_CONVERSION = YES;
				CLANG_WARN_OBJC_IMPLICIT_RETAIN_SELF = YES;
				CLANG_WARN_OBJC_LITERAL_CONVERSION = YES;
				CLANG_WARN_OBJC_ROOT_CLASS = YES_ERROR;
				CLANG_WARN_RANGE_LOOP_ANALYSIS = YES;
				CLANG_WARN_STRICT_PROTOTYPES = YES;
				CLANG_WARN_SUSPICIOUS_MOVE = YES;
				CLANG_WARN_UNGUARDED_AVAILABILITY = YES_AGGRESSIVE;
				CLANG_WARN_UNREACHABLE_CODE = YES;
				CLANG_WARN__DUPLICATE_METHOD_MATCH = YES;
				COPY_PHASE_STRIP = NO;
				DEBUG_INFORMATION_FORMAT = dwarf;
				ENABLE_STRICT_OBJC_MSGSEND = YES;
				ENABLE_TESTABILITY = YES;
				GCC_C_LANGUAGE_STANDARD = gnu11;
				GCC_DYNAMIC_NO_PIC = NO;
				GCC_NO_COMMON_BLOCKS = YES;
				GCC_OPTIMIZATION_LEVEL = 0;
				GCC_PREPROCESSOR_DEFINITIONS = (
					"DEBUG=1",
					"$(inherited)",
				);
				GCC_WARN_64_TO_32_BIT_CONVERSION = YES;
				GCC_WARN_ABOUT_RETURN_TYPE = YES_ERROR;
				GCC_WARN_UNDECLARED_SELECTOR = YES;
				GCC_WARN_UNINITIALIZED_AUTOS = YES_AGGRESSIVE;
				GCC_WARN_UNUSED_FUNCTION = YES;
				GCC_WARN_UNUSED_VARIABLE = YES;
				IPHONEOS_DEPLOYMENT_TARGET = 13.2;
				MTL_ENABLE_DEBUG_INFO = INCLUDE_SOURCE;
				MTL_FAST_MATH = YES;
				ONLY_ACTIVE_ARCH = YES;
				SDKROOT = iphoneos;
				SWIFT_ACTIVE_COMPILATION_CONDITIONS = DEBUG;
				SWIFT_OPTIMIZATION_LEVEL = "-Onone";
			};
			name = Debug;
		};
		63DF9CB32407473F001FC895 /* Release */ = {
			isa = XCBuildConfiguration;
			buildSettings = {
				ALWAYS_SEARCH_USER_PATHS = NO;
				CLANG_ANALYZER_NONNULL = YES;
				CLANG_ANALYZER_NUMBER_OBJECT_CONVERSION = YES_AGGRESSIVE;
				CLANG_CXX_LANGUAGE_STANDARD = "gnu++14";
				CLANG_CXX_LIBRARY = "libc++";
				CLANG_ENABLE_MODULES = YES;
				CLANG_ENABLE_OBJC_ARC = YES;
				CLANG_ENABLE_OBJC_WEAK = YES;
				CLANG_WARN_BLOCK_CAPTURE_AUTORELEASING = YES;
				CLANG_WARN_BOOL_CONVERSION = YES;
				CLANG_WARN_COMMA = YES;
				CLANG_WARN_CONSTANT_CONVERSION = YES;
				CLANG_WARN_DEPRECATED_OBJC_IMPLEMENTATIONS = YES;
				CLANG_WARN_DIRECT_OBJC_ISA_USAGE = YES_ERROR;
				CLANG_WARN_DOCUMENTATION_COMMENTS = YES;
				CLANG_WARN_EMPTY_BODY = YES;
				CLANG_WARN_ENUM_CONVERSION = YES;
				CLANG_WARN_INFINITE_RECURSION = YES;
				CLANG_WARN_INT_CONVERSION = YES;
				CLANG_WARN_NON_LITERAL_NULL_CONVERSION = YES;
				CLANG_WARN_OBJC_IMPLICIT_RETAIN_SELF = YES;
				CLANG_WARN_OBJC_LITERAL_CONVERSION = YES;
				CLANG_WARN_OBJC_ROOT_CLASS = YES_ERROR;
				CLANG_WARN_RANGE_LOOP_ANALYSIS = YES;
				CLANG_WARN_STRICT_PROTOTYPES = YES;
				CLANG_WARN_SUSPICIOUS_MOVE = YES;
				CLANG_WARN_UNGUARDED_AVAILABILITY = YES_AGGRESSIVE;
				CLANG_WARN_UNREACHABLE_CODE = YES;
				CLANG_WARN__DUPLICATE_METHOD_MATCH = YES;
				COPY_PHASE_STRIP = NO;
				DEBUG_INFORMATION_FORMAT = "dwarf-with-dsym";
				ENABLE_NS_ASSERTIONS = NO;
				ENABLE_STRICT_OBJC_MSGSEND = YES;
				GCC_C_LANGUAGE_STANDARD = gnu11;
				GCC_NO_COMMON_BLOCKS = YES;
				GCC_WARN_64_TO_32_BIT_CONVERSION = YES;
				GCC_WARN_ABOUT_RETURN_TYPE = YES_ERROR;
				GCC_WARN_UNDECLARED_SELECTOR = YES;
				GCC_WARN_UNINITIALIZED_AUTOS = YES_AGGRESSIVE;
				GCC_WARN_UNUSED_FUNCTION = YES;
				GCC_WARN_UNUSED_VARIABLE = YES;
				IPHONEOS_DEPLOYMENT_TARGET = 13.2;
				MTL_ENABLE_DEBUG_INFO = NO;
				MTL_FAST_MATH = YES;
				SDKROOT = iphoneos;
				SWIFT_COMPILATION_MODE = wholemodule;
				SWIFT_OPTIMIZATION_LEVEL = "-O";
				VALIDATE_PRODUCT = YES;
			};
			name = Release;
		};
		63DF9CB52407473F001FC895 /* Debug */ = {
			isa = XCBuildConfiguration;
			buildSettings = {
				ASSETCATALOG_COMPILER_APPICON_NAME = AppIcon;
				CODE_SIGN_STYLE = Automatic;
				DEVELOPMENT_TEAM = VXUQXR6S56;
				INFOPLIST_FILE = "$(SRCROOT)/RVenture/Resources/Info.plist";
				LD_RUNPATH_SEARCH_PATHS = (
					"$(inherited)",
					"@executable_path/Frameworks",
				);
				PRODUCT_BUNDLE_IDENTIFIER = com.gerardohernandez.RVenture;
				PRODUCT_NAME = "$(TARGET_NAME)";
				SWIFT_VERSION = 5.0;
				TARGETED_DEVICE_FAMILY = "1,2";
			};
			name = Debug;
		};
		63DF9CB62407473F001FC895 /* Release */ = {
			isa = XCBuildConfiguration;
			buildSettings = {
				ASSETCATALOG_COMPILER_APPICON_NAME = AppIcon;
				CODE_SIGN_STYLE = Automatic;
				DEVELOPMENT_TEAM = VXUQXR6S56;
				INFOPLIST_FILE = "$(SRCROOT)/RVenture/Resources/Info.plist";
				LD_RUNPATH_SEARCH_PATHS = (
					"$(inherited)",
					"@executable_path/Frameworks",
				);
				PRODUCT_BUNDLE_IDENTIFIER = com.gerardohernandez.RVenture;
				PRODUCT_NAME = "$(TARGET_NAME)";
				SWIFT_VERSION = 5.0;
				TARGETED_DEVICE_FAMILY = "1,2";
			};
			name = Release;
		};
/* End XCBuildConfiguration section */

/* Begin XCConfigurationList section */
		63DF9C9B2407472E001FC895 /* Build configuration list for PBXProject "RVenture" */ = {
			isa = XCConfigurationList;
			buildConfigurations = (
				63DF9CB22407473F001FC895 /* Debug */,
				63DF9CB32407473F001FC895 /* Release */,
			);
			defaultConfigurationIsVisible = 0;
			defaultConfigurationName = Release;
		};
		63DF9CB42407473F001FC895 /* Build configuration list for PBXNativeTarget "RVenture" */ = {
			isa = XCConfigurationList;
			buildConfigurations = (
				63DF9CB52407473F001FC895 /* Debug */,
				63DF9CB62407473F001FC895 /* Release */,
			);
			defaultConfigurationIsVisible = 0;
			defaultConfigurationName = Release;
		};
/* End XCConfigurationList section */

/* Begin XCVersionGroup section */
		63DF9CBD2408B515001FC895 /* RVenture.xcdatamodeld */ = {
			isa = XCVersionGroup;
			children = (
				63DF9CBE2408B515001FC895 /* RVenture.xcdatamodel */,
			);
			currentVersion = 63DF9CBE2408B515001FC895 /* RVenture.xcdatamodel */;
			path = RVenture.xcdatamodeld;
			sourceTree = "<group>";
			versionGroupType = wrapper.xcdatamodel;
		};
/* End XCVersionGroup section */
	};
	rootObject = 63DF9C982407472E001FC895 /* Project object */;
}
